# generated by rye
# use `rye lock` or `rye sync` to update this lockfile
#
# last locked with the following flags:
#   pre: false
#   features: []
#   all-features: false
#   with-sources: false

-e file:.
exceptiongroup==1.2.0
    # via pytest
iniconfig==2.0.0
    # via pytest
lxml==5.2.0
    # via ccpn-project-checker
packaging==24.0
    # via pytest
pluggy==1.4.0
    # via pytest
pytest==8.1.1
    # via ccpn-project-checker
python-dateutil==2.9.0.post0
    # via time-machine
six==1.16.0
    # via python-dateutil
time-machine==2.14.1
    # via ccpn-project-checker
tomli==2.0.1
    # via pytest
